
Microsoft Visual Studio Solution File, Format Version 12.00
# Visual Studio 15
VisualStudioVersion = 15.0.27703.2026
MinimumVisualStudioVersion = 10.0.40219.1
Project("{2150E333-8FDC-42A3-9474-1A3956D46DE8}") = "0-Presentation", "0-Presentation", "{72578694-2007-42DE-9E49-1CE03ED09EC3}"
EndProject
Project("{2150E333-8FDC-42A3-9474-1A3956D46DE8}") = "1-Negocios", "1-Negocios", "{C3FD1AD8-F77F-42B4-BAF1-C90018DF3F2B}"
EndProject
Project("{2150E333-8FDC-42A3-9474-1A3956D46DE8}") = "2-Domain", "2-Domain", "{E94458C6-51F9-4F31-BFC3-D6D6C503FE59}"
EndProject
Project("{2150E333-8FDC-42A3-9474-1A3956D46DE8}") = "3-Infrastructure", "3-Infrastructure", "{33D25A59-1889-4C8C-8A24-1E953A5C17FD}"
EndProject
Project("{FAE04EC0-301F-11D3-BF4B-00C04F79EFBC}") = "JoseBeloDelfino.WebApplication", "JoseBeloDelfino.WebApplication\JoseBeloDelfino.WebApplication.csproj", "{D9FCEC26-0827-419F-A12F-A3160B04D49F}"
EndProject
Project("{FAE04EC0-301F-11D3-BF4B-00C04F79EFBC}") = "JoseBeloDelfino.Negocios", "JoseBeloDelfino.Application\JoseBeloDelfino.Negocios.csproj", "{B575AE59-C715-4D47-9025-2FAD8A2E024D}"
EndProject
Project("{FAE04EC0-301F-11D3-BF4B-00C04F79EFBC}") = "JoseBeloDelfino.Domain", "JoseBeloDelfino.Domain\JoseBeloDelfino.Domain.csproj", "{88253AEA-EF75-47C4-A4A8-194982D8BDF2}"
EndProject
Project("{FAE04EC0-301F-11D3-BF4B-00C04F79EFBC}") = "JoseBeloDelfino.Services", "JoseBeloDelfino.Services\JoseBeloDelfino.Services.csproj", "{882BF310-34EF-4F28-BEE3-061492C26EA7}"
EndProject
Project("{FAE04EC0-301F-11D3-BF4B-00C04F79EFBC}") = "JoseBeloDelfino.CrossCutting", "JoseBeloDelfino.CrossCutting\JoseBeloDelfino.CrossCutting.csproj", "{055C0BB1-B6ED-4C6C-845B-BA3C8D20A418}"
EndProject
Project("{FAE04EC0-301F-11D3-BF4B-00C04F79EFBC}") = "JoseBeloDelfino.Data", "JoseBeloDelfino.Data\JoseBeloDelfino.Data.csproj", "{2D611264-DA06-4E61-8050-8A05432E9362}"
EndProject
Project("{FAE04EC0-301F-11D3-BF4B-00C04F79EFBC}") = "JoseBeloDelfino.ViewModels", "JoseBeloDelfino.ViewModels\JoseBeloDelfino.ViewModels.csproj", "{5AEACAA6-05D5-4BEB-B4BE-54BDACE0372A}"
EndProject
Project("{FAE04EC0-301F-11D3-BF4B-00C04F79EFBC}") = "JoseBeloDelfino.DTOs", "JoseBeloDelfino.DTOs\JoseBeloDelfino.DTOs.csproj", "{5CE1D602-C1B3-4503-80A1-4F2E85C31413}"
EndProject
Project("{2150E333-8FDC-42A3-9474-1A3956D46DE8}") = "0-AplicacoesWeb", "0-AplicacoesWeb", "{9D0ECB08-B2EB-49FB-9392-CF0639548FBA}"
EndProject
Project("{2150E333-8FDC-42A3-9474-1A3956D46DE8}") = "2-ViewModels", "2-ViewModels", "{BCAAD000-DB6F-494F-83D9-145FD231F376}"
EndProject
Project("{2150E333-8FDC-42A3-9474-1A3956D46DE8}") = "4-WebApi", "4-WebApi", "{D73ACBA2-E5C0-48B7-9E50-B95EBE811D23}"
EndProject
Project("{FAE04EC0-301F-11D3-BF4B-00C04F79EFBC}") = "JoseBeloDelfino.WebApi", "JoseBeloDelfino.WebApi\JoseBeloDelfino.WebApi.csproj", "{A17522B1-00DE-4546-A986-919792B1997F}"
EndProject
Project("{FAE04EC0-301F-11D3-BF4B-00C04F79EFBC}") = "JoseBeloDelfino.WebApi.Negocio", "JoseBeloDelfino.WebApi.Negocio\JoseBeloDelfino.WebApi.Negocio.csproj", "{AF61D64C-5326-48B1-86BB-8422F8B7BDAC}"
EndProject
Global
	GlobalSection(SolutionConfigurationPlatforms) = preSolution
		Debug|Any CPU = Debug|Any CPU
		Release|Any CPU = Release|Any CPU
	EndGlobalSection
	GlobalSection(ProjectConfigurationPlatforms) = postSolution
		{D9FCEC26-0827-419F-A12F-A3160B04D49F}.Debug|Any CPU.ActiveCfg = Debug|Any CPU
		{D9FCEC26-0827-419F-A12F-A3160B04D49F}.Debug|Any CPU.Build.0 = Debug|Any CPU
		{D9FCEC26-0827-419F-A12F-A3160B04D49F}.Release|Any CPU.ActiveCfg = Release|Any CPU
		{D9FCEC26-0827-419F-A12F-A3160B04D49F}.Release|Any CPU.Build.0 = Release|Any CPU
		{B575AE59-C715-4D47-9025-2FAD8A2E024D}.Debug|Any CPU.ActiveCfg = Debug|Any CPU
		{B575AE59-C715-4D47-9025-2FAD8A2E024D}.Debug|Any CPU.Build.0 = Debug|Any CPU
		{B575AE59-C715-4D47-9025-2FAD8A2E024D}.Release|Any CPU.ActiveCfg = Release|Any CPU
		{B575AE59-C715-4D47-9025-2FAD8A2E024D}.Release|Any CPU.Build.0 = Release|Any CPU
		{88253AEA-EF75-47C4-A4A8-194982D8BDF2}.Debug|Any CPU.ActiveCfg = Debug|Any CPU
		{88253AEA-EF75-47C4-A4A8-194982D8BDF2}.Debug|Any CPU.Build.0 = Debug|Any CPU
		{88253AEA-EF75-47C4-A4A8-194982D8BDF2}.Release|Any CPU.ActiveCfg = Release|Any CPU
		{88253AEA-EF75-47C4-A4A8-194982D8BDF2}.Release|Any CPU.Build.0 = Release|Any CPU
		{882BF310-34EF-4F28-BEE3-061492C26EA7}.Debug|Any CPU.ActiveCfg = Debug|Any CPU
		{882BF310-34EF-4F28-BEE3-061492C26EA7}.Debug|Any CPU.Build.0 = Debug|Any CPU
		{882BF310-34EF-4F28-BEE3-061492C26EA7}.Release|Any CPU.ActiveCfg = Release|Any CPU
		{882BF310-34EF-4F28-BEE3-061492C26EA7}.Release|Any CPU.Build.0 = Release|Any CPU
		{055C0BB1-B6ED-4C6C-845B-BA3C8D20A418}.Debug|Any CPU.ActiveCfg = Debug|Any CPU
		{055C0BB1-B6ED-4C6C-845B-BA3C8D20A418}.Debug|Any CPU.Build.0 = Debug|Any CPU
		{055C0BB1-B6ED-4C6C-845B-BA3C8D20A418}.Release|Any CPU.ActiveCfg = Release|Any CPU
		{055C0BB1-B6ED-4C6C-845B-BA3C8D20A418}.Release|Any CPU.Build.0 = Release|Any CPU
		{2D611264-DA06-4E61-8050-8A05432E9362}.Debug|Any CPU.ActiveCfg = Debug|Any CPU
		{2D611264-DA06-4E61-8050-8A05432E9362}.Debug|Any CPU.Build.0 = Debug|Any CPU
		{2D611264-DA06-4E61-8050-8A05432E9362}.Release|Any CPU.ActiveCfg = Release|Any CPU
		{2D611264-DA06-4E61-8050-8A05432E9362}.Release|Any CPU.Build.0 = Release|Any CPU
		{5AEACAA6-05D5-4BEB-B4BE-54BDACE0372A}.Debug|Any CPU.ActiveCfg = Debug|Any CPU
		{5AEACAA6-05D5-4BEB-B4BE-54BDACE0372A}.Debug|Any CPU.Build.0 = Debug|Any CPU
		{5AEACAA6-05D5-4BEB-B4BE-54BDACE0372A}.Release|Any CPU.ActiveCfg = Release|Any CPU
		{5AEACAA6-05D5-4BEB-B4BE-54BDACE0372A}.Release|Any CPU.Build.0 = Release|Any CPU
		{5CE1D602-C1B3-4503-80A1-4F2E85C31413}.Debug|Any CPU.ActiveCfg = Debug|Any CPU
		{5CE1D602-C1B3-4503-80A1-4F2E85C31413}.Debug|Any CPU.Build.0 = Debug|Any CPU
		{5CE1D602-C1B3-4503-80A1-4F2E85C31413}.Release|Any CPU.ActiveCfg = Release|Any CPU
		{5CE1D602-C1B3-4503-80A1-4F2E85C31413}.Release|Any CPU.Build.0 = Release|Any CPU
		{A17522B1-00DE-4546-A986-919792B1997F}.Debug|Any CPU.ActiveCfg = Debug|Any CPU
		{A17522B1-00DE-4546-A986-919792B1997F}.Debug|Any CPU.Build.0 = Debug|Any CPU
		{A17522B1-00DE-4546-A986-919792B1997F}.Release|Any CPU.ActiveCfg = Release|Any CPU
		{A17522B1-00DE-4546-A986-919792B1997F}.Release|Any CPU.Build.0 = Release|Any CPU
		{AF61D64C-5326-48B1-86BB-8422F8B7BDAC}.Debug|Any CPU.ActiveCfg = Debug|Any CPU
		{AF61D64C-5326-48B1-86BB-8422F8B7BDAC}.Debug|Any CPU.Build.0 = Debug|Any CPU
		{AF61D64C-5326-48B1-86BB-8422F8B7BDAC}.Release|Any CPU.ActiveCfg = Release|Any CPU
		{AF61D64C-5326-48B1-86BB-8422F8B7BDAC}.Release|Any CPU.Build.0 = Release|Any CPU
	EndGlobalSection
	GlobalSection(SolutionProperties) = preSolution
		HideSolutionNode = FALSE
	EndGlobalSection
	GlobalSection(NestedProjects) = preSolution
		{D9FCEC26-0827-419F-A12F-A3160B04D49F} = {9D0ECB08-B2EB-49FB-9392-CF0639548FBA}
		{B575AE59-C715-4D47-9025-2FAD8A2E024D} = {C3FD1AD8-F77F-42B4-BAF1-C90018DF3F2B}
		{88253AEA-EF75-47C4-A4A8-194982D8BDF2} = {E94458C6-51F9-4F31-BFC3-D6D6C503FE59}
		{882BF310-34EF-4F28-BEE3-061492C26EA7} = {E94458C6-51F9-4F31-BFC3-D6D6C503FE59}
		{055C0BB1-B6ED-4C6C-845B-BA3C8D20A418} = {33D25A59-1889-4C8C-8A24-1E953A5C17FD}
		{2D611264-DA06-4E61-8050-8A05432E9362} = {33D25A59-1889-4C8C-8A24-1E953A5C17FD}
		{5AEACAA6-05D5-4BEB-B4BE-54BDACE0372A} = {BCAAD000-DB6F-494F-83D9-145FD231F376}
		{5CE1D602-C1B3-4503-80A1-4F2E85C31413} = {E94458C6-51F9-4F31-BFC3-D6D6C503FE59}
		{9D0ECB08-B2EB-49FB-9392-CF0639548FBA} = {72578694-2007-42DE-9E49-1CE03ED09EC3}
		{BCAAD000-DB6F-494F-83D9-145FD231F376} = {72578694-2007-42DE-9E49-1CE03ED09EC3}
		{A17522B1-00DE-4546-A986-919792B1997F} = {D73ACBA2-E5C0-48B7-9E50-B95EBE811D23}
		{AF61D64C-5326-48B1-86BB-8422F8B7BDAC} = {D73ACBA2-E5C0-48B7-9E50-B95EBE811D23}
	EndGlobalSection
	GlobalSection(ExtensibilityGlobals) = postSolution
		SolutionGuid = {D81BDCC8-FEA2-42DB-A96B-B603929F8D5E}
	EndGlobalSection
EndGlobal
